
Microsoft Visual Studio Solution File, Format Version 12.00
# Visual Studio Version 18
VisualStudioVersion = 18.7.11811.120
MinimumVisualStudioVersion = 10.0.40219.1
Project("{2150E333-8FDC-42A3-9474-1A3956D46DE8}") = "VinaCad", "VinaCad", "{48DFE769-B008-41AE-AFBD-1F2C7EA99D52}"
EndProject
Project("{2150E333-8FDC-42A3-9474-1A3956D46DE8}") = "MVVM", "MVVM", "{A9C7D138-0B9A-4CB9-AAB0-CDF0F1224555}"
EndProject
Project("{2150E333-8FDC-42A3-9474-1A3956D46DE8}") = "Resource", "Resource", "{94BCF6BC-5BA2-413E-9C6F-17ACC2FEC91E}"
EndProject
Project("{FAE04EC0-301F-11D3-BF4B-00C04F79EFBC}") = "Tools.VinaCad.App", "Tools.VinaCad.App\Tools.VinaCad.App.csproj", "{CBDD8D3D-B4CD-72A6-C659-A175F7DEFFC5}"
EndProject
Project("{FAE04EC0-301F-11D3-BF4B-00C04F79EFBC}") = "Tools.Model", "Tools.Model\Tools.Model.csproj", "{89D55760-C853-4B57-9FF9-1D8FB612CC1D}"
EndProject
Project("{FAE04EC0-301F-11D3-BF4B-00C04F79EFBC}") = "Tools.View", "Tools.View\Tools.View.csproj", "{F012CD07-B574-44D3-AEBA-80DA514F7963}"
EndProject
Project("{FAE04EC0-301F-11D3-BF4B-00C04F79EFBC}") = "Tools.ViewModel", "Tools.ViewModel\Tools.ViewModel.csproj", "{6A4AF9EC-5BFC-4AEC-B8A9-4F4B6256B050}"
EndProject
Project("{FAE04EC0-301F-11D3-BF4B-00C04F79EFBC}") = "Tools.VinaCad.Action", "Tools.VinaCad.Action\Tools.VinaCad.Action.csproj", "{98D3F63F-C528-4474-B7C7-0B3071F2972E}"
EndProject
Project("{FAE04EC0-301F-11D3-BF4B-00C04F79EFBC}") = "Tools.VinaCad.Helper", "Tools.VinaCad.Helper\Tools.VinaCad.Helper.csproj", "{CDE67AE6-D260-44BD-BC71-5143097F084E}"
EndProject
Project("{FAE04EC0-301F-11D3-BF4B-00C04F79EFBC}") = "Tools.VinaCad.Modeling", "Tools.VinaCad.Modeling\Tools.VinaCad.Modeling.csproj", "{D2E1231E-6CE9-4588-8B08-8974003F8349}"
EndProject
Project("{FAE04EC0-301F-11D3-BF4B-00C04F79EFBC}") = "Tools.Resources", "Resources\Tools.Resources.csproj", "{238A2502-FA96-6022-7FEF-371615594A16}"
EndProject
Global
	GlobalSection(SolutionConfigurationPlatforms) = preSolution
		Debug|Any CPU = Debug|Any CPU
		Release|Any CPU = Release|Any CPU
		V2026|Any CPU = V2026|Any CPU
	EndGlobalSection
	GlobalSection(ProjectConfigurationPlatforms) = postSolution
		{CBDD8D3D-B4CD-72A6-C659-A175F7DEFFC5}.Debug|Any CPU.ActiveCfg = Debug|Any CPU
		{CBDD8D3D-B4CD-72A6-C659-A175F7DEFFC5}.Debug|Any CPU.Build.0 = Debug|Any CPU
		{CBDD8D3D-B4CD-72A6-C659-A175F7DEFFC5}.Release|Any CPU.ActiveCfg = Release|Any CPU
		{CBDD8D3D-B4CD-72A6-C659-A175F7DEFFC5}.Release|Any CPU.Build.0 = Release|Any CPU
		{CBDD8D3D-B4CD-72A6-C659-A175F7DEFFC5}.V2026|Any CPU.ActiveCfg = V2026|Any CPU
		{CBDD8D3D-B4CD-72A6-C659-A175F7DEFFC5}.V2026|Any CPU.Build.0 = V2026|Any CPU
		{89D55760-C853-4B57-9FF9-1D8FB612CC1D}.Debug|Any CPU.ActiveCfg = Debug|Any CPU
		{89D55760-C853-4B57-9FF9-1D8FB612CC1D}.Debug|Any CPU.Build.0 = Debug|Any CPU
		{89D55760-C853-4B57-9FF9-1D8FB612CC1D}.Release|Any CPU.ActiveCfg = Release|Any CPU
		{89D55760-C853-4B57-9FF9-1D8FB612CC1D}.Release|Any CPU.Build.0 = Release|Any CPU
		{89D55760-C853-4B57-9FF9-1D8FB612CC1D}.V2026|Any CPU.ActiveCfg = V2026|Any CPU
		{89D55760-C853-4B57-9FF9-1D8FB612CC1D}.V2026|Any CPU.Build.0 = V2026|Any CPU
		{F012CD07-B574-44D3-AEBA-80DA514F7963}.Debug|Any CPU.ActiveCfg = Debug|Any CPU
		{F012CD07-B574-44D3-AEBA-80DA514F7963}.Debug|Any CPU.Build.0 = Debug|Any CPU
		{F012CD07-B574-44D3-AEBA-80DA514F7963}.Release|Any CPU.ActiveCfg = Release|Any CPU
		{F012CD07-B574-44D3-AEBA-80DA514F7963}.Release|Any CPU.Build.0 = Release|Any CPU
		{F012CD07-B574-44D3-AEBA-80DA514F7963}.V2026|Any CPU.ActiveCfg = V2026|Any CPU
		{F012CD07-B574-44D3-AEBA-80DA514F7963}.V2026|Any CPU.Build.0 = V2026|Any CPU
		{6A4AF9EC-5BFC-4AEC-B8A9-4F4B6256B050}.Debug|Any CPU.ActiveCfg = Debug|Any CPU
		{6A4AF9EC-5BFC-4AEC-B8A9-4F4B6256B050}.Debug|Any CPU.Build.0 = Debug|Any CPU
		{6A4AF9EC-5BFC-4AEC-B8A9-4F4B6256B050}.Release|Any CPU.ActiveCfg = Release|Any CPU
		{6A4AF9EC-5BFC-4AEC-B8A9-4F4B6256B050}.Release|Any CPU.Build.0 = Release|Any CPU
		{6A4AF9EC-5BFC-4AEC-B8A9-4F4B6256B050}.V2026|Any CPU.ActiveCfg = V2026|Any CPU
		{6A4AF9EC-5BFC-4AEC-B8A9-4F4B6256B050}.V2026|Any CPU.Build.0 = V2026|Any CPU
		{98D3F63F-C528-4474-B7C7-0B3071F2972E}.Debug|Any CPU.ActiveCfg = Debug|Any CPU
		{98D3F63F-C528-4474-B7C7-0B3071F2972E}.Debug|Any CPU.Build.0 = Debug|Any CPU
		{98D3F63F-C528-4474-B7C7-0B3071F2972E}.Release|Any CPU.ActiveCfg = Release|Any CPU
		{98D3F63F-C528-4474-B7C7-0B3071F2972E}.Release|Any CPU.Build.0 = Release|Any CPU
		{98D3F63F-C528-4474-B7C7-0B3071F2972E}.V2026|Any CPU.ActiveCfg = V2026|Any CPU
		{98D3F63F-C528-4474-B7C7-0B3071F2972E}.V2026|Any CPU.Build.0 = V2026|Any CPU
		{CDE67AE6-D260-44BD-BC71-5143097F084E}.Debug|Any CPU.ActiveCfg = Debug|Any CPU
		{CDE67AE6-D260-44BD-BC71-5143097F084E}.Debug|Any CPU.Build.0 = Debug|Any CPU
		{CDE67AE6-D260-44BD-BC71-5143097F084E}.Release|Any CPU.ActiveCfg = Release|Any CPU
		{CDE67AE6-D260-44BD-BC71-5143097F084E}.Release|Any CPU.Build.0 = Release|Any CPU
		{CDE67AE6-D260-44BD-BC71-5143097F084E}.V2026|Any CPU.ActiveCfg = V2026|Any CPU
		{CDE67AE6-D260-44BD-BC71-5143097F084E}.V2026|Any CPU.Build.0 = V2026|Any CPU
		{D2E1231E-6CE9-4588-8B08-8974003F8349}.Debug|Any CPU.ActiveCfg = Debug|Any CPU
		{D2E1231E-6CE9-4588-8B08-8974003F8349}.Debug|Any CPU.Build.0 = Debug|Any CPU
		{D2E1231E-6CE9-4588-8B08-8974003F8349}.Release|Any CPU.ActiveCfg = Release|Any CPU
		{D2E1231E-6CE9-4588-8B08-8974003F8349}.Release|Any CPU.Build.0 = Release|Any CPU
		{D2E1231E-6CE9-4588-8B08-8974003F8349}.V2026|Any CPU.ActiveCfg = V2026|Any CPU
		{D2E1231E-6CE9-4588-8B08-8974003F8349}.V2026|Any CPU.Build.0 = V2026|Any CPU
		{238A2502-FA96-6022-7FEF-371615594A16}.Debug|Any CPU.ActiveCfg = Debug|Any CPU
		{238A2502-FA96-6022-7FEF-371615594A16}.Debug|Any CPU.Build.0 = Debug|Any CPU
		{238A2502-FA96-6022-7FEF-371615594A16}.Release|Any CPU.ActiveCfg = Release|Any CPU
		{238A2502-FA96-6022-7FEF-371615594A16}.Release|Any CPU.Build.0 = Release|Any CPU
		{238A2502-FA96-6022-7FEF-371615594A16}.V2026|Any CPU.ActiveCfg = V2026|Any CPU
		{238A2502-FA96-6022-7FEF-371615594A16}.V2026|Any CPU.Build.0 = V2026|Any CPU
	EndGlobalSection
	GlobalSection(SolutionProperties) = preSolution
		HideSolutionNode = FALSE
	EndGlobalSection
	GlobalSection(NestedProjects) = preSolution
		{CBDD8D3D-B4CD-72A6-C659-A175F7DEFFC5} = {48DFE769-B008-41AE-AFBD-1F2C7EA99D52}
		{89D55760-C853-4B57-9FF9-1D8FB612CC1D} = {A9C7D138-0B9A-4CB9-AAB0-CDF0F1224555}
		{F012CD07-B574-44D3-AEBA-80DA514F7963} = {A9C7D138-0B9A-4CB9-AAB0-CDF0F1224555}
		{6A4AF9EC-5BFC-4AEC-B8A9-4F4B6256B050} = {A9C7D138-0B9A-4CB9-AAB0-CDF0F1224555}
		{98D3F63F-C528-4474-B7C7-0B3071F2972E} = {48DFE769-B008-41AE-AFBD-1F2C7EA99D52}
		{CDE67AE6-D260-44BD-BC71-5143097F084E} = {48DFE769-B008-41AE-AFBD-1F2C7EA99D52}
		{D2E1231E-6CE9-4588-8B08-8974003F8349} = {48DFE769-B008-41AE-AFBD-1F2C7EA99D52}
		{238A2502-FA96-6022-7FEF-371615594A16} = {94BCF6BC-5BA2-413E-9C6F-17ACC2FEC91E}
	EndGlobalSection
	GlobalSection(ExtensibilityGlobals) = postSolution
		SolutionGuid = {A6E27145-D22B-40EE-88A9-0E9C555716DC}
	EndGlobalSection
EndGlobal
